Microsoft Visual Studio Solution File, Format Version 12.00
# Visual Studio Version 18
VisualStudioVersion = 18.8.12023.21
MinimumVisualStudioVersion = 10.0.40219.1
Project("{2150E333-8FDC-42A3-9474-1A3956D46DE8}") = "src", "src", "{827E0CD3-B72D-47B6-A68D-7590B98EB39B}"
EndProject
Project("{2150E333-8FDC-42A3-9474-1A3956D46DE8}") = "features", "features", "{E81CAA0A-8D6A-E3B6-28B3-AB416E1657A7}"
EndProject
Project("{2150E333-8FDC-42A3-9474-1A3956D46DE8}") = "SharedKernel", "SharedKernel", "{25B38B9B-EF46-C599-00A5-9D46434B9B03}"
EndProject
Project("{2150E333-8FDC-42A3-9474-1A3956D46DE8}") = "Foundation", "Foundation", "{E59C029D-1E2D-2FF8-FAB4-F49AF573DF80}"
EndProject
Project("{FAE04EC0-301F-11D3-BF4B-00C04F79EFBC}") = "Zeus.Academia.Features.SharedKernel.Foundation", "src\features\SharedKernel\Foundation\Zeus.Academia.Features.SharedKernel.Foundation.csproj", "{BA1127DE-43DC-40F4-BEA8-016BFA04DDAF}"
EndProject
Project("{2150E333-8FDC-42A3-9474-1A3956D46DE8}") = "tests", "tests", "{0AB3BF05-4346-4AA6-1389-037BE0695223}"
EndProject
Project("{2150E333-8FDC-42A3-9474-1A3956D46DE8}") = "Features", "Features", "{472EBABA-1FC8-1993-9088-DD5931CFB73A}"
EndProject
Project("{2150E333-8FDC-42A3-9474-1A3956D46DE8}") = "SharedKernel", "SharedKernel", "{EB9175B4-43F8-99EB-85C7-048F84E63351}"
EndProject
Project("{2150E333-8FDC-42A3-9474-1A3956D46DE8}") = "Foundation", "Foundation", "{7186DE04-BC19-F40D-46C3-47F0E5A6B928}"
EndProject
Project("{FAE04EC0-301F-11D3-BF4B-00C04F79EFBC}") = "Zeus.Academia.Tests.Features.SharedKernel.Foundation", "tests\Features\SharedKernel\Foundation\Zeus.Academia.Tests.Features.SharedKernel.Foundation.csproj", "{26C992DF-64AB-4FA3-A6D0-7F04400FCA69}"
EndProject
Project("{2150E333-8FDC-42A3-9474-1A3956D46DE8}") = "ReferenceData", "ReferenceData", "{3F8F89E5-ADB4-7BEE-E971-A84C9F8273C4}"
EndProject
Project("{2150E333-8FDC-42A3-9474-1A3956D46DE8}") = "ManageRanks", "ManageRanks", "{5A9EB69A-2847-F013-2C0B-C3D8490E3219}"
EndProject
Project("{FAE04EC0-301F-11D3-BF4B-00C04F79EFBC}") = "Zeus.Academia.Features.ReferenceData.ManageRanks", "src\features\ReferenceData\ManageRanks\Zeus.Academia.Features.ReferenceData.ManageRanks.csproj", "{318DB06C-7712-4A9A-9EFC-968AB0F59093}"
EndProject
Project("{2150E333-8FDC-42A3-9474-1A3956D46DE8}") = "ManageDegrees", "ManageDegrees", "{60C5896C-60AA-45B8-B67E-ACA483471931}"
EndProject
Project("{FAE04EC0-301F-11D3-BF4B-00C04F79EFBC}") = "Zeus.Academia.Features.ReferenceData.ManageDegrees", "src\features\ReferenceData\ManageDegrees\Zeus.Academia.Features.ReferenceData.ManageDegrees.csproj", "{8918DE57-43DC-4001-B74D-25488148CD07}"
EndProject
Project("{2150E333-8FDC-42A3-9474-1A3956D46DE8}") = "ReferenceData", "ReferenceData", "{33C22EBE-1618-2652-2009-70E325F31C1A}"
EndProject
Project("{2150E333-8FDC-42A3-9474-1A3956D46DE8}") = "ManageRanks", "ManageRanks", "{48605333-E382-CBAE-A288-D57D7D5A7C60}"
EndProject
Project("{FAE04EC0-301F-11D3-BF4B-00C04F79EFBC}") = "Zeus.Academia.Tests.Features.ReferenceData.ManageRanks", "tests\Features\ReferenceData\ManageRanks\Zeus.Academia.Tests.Features.ReferenceData.ManageRanks.csproj", "{6DC0BA68-8922-4936-BD1E-696A5AF1165A}"
EndProject
Project("{2150E333-8FDC-42A3-9474-1A3956D46DE8}") = "ManageDegrees", "ManageDegrees", "{A0316508-0CBA-48AF-9DB1-66507AAEC612}"
EndProject
Project("{FAE04EC0-301F-11D3-BF4B-00C04F79EFBC}") = "Zeus.Academia.Tests.Features.ReferenceData.ManageDegrees", "tests\Features\ReferenceData\ManageDegrees\Zeus.Academia.Tests.Features.ReferenceData.ManageDegrees.csproj", "{71063E1E-06D5-456D-A5CF-9CFD12EDC65D}"
EndProject
Project("{2150E333-8FDC-42A3-9474-1A3956D46DE8}") = "orm", "orm", "{C42DFF5B-9439-4E7B-9806-895E44D421C2}"
	ProjectSection(SolutionItems) = preProject
		src\models\orm\academia.md = src\models\orm\academia.md
		src\models\orm\academia.orm = src\models\orm\academia.orm
		src\models\orm\academia.txt = src\models\orm\academia.txt
		ORMModel2.orm = ORMModel2.orm
		src\models\orm\README.md = src\models\orm\README.md
	EndProjectSection
EndProject
Global
	GlobalSection(SolutionConfigurationPlatforms) = preSolution
		Debug|Any CPU = Debug|Any CPU
		Debug|x64 = Debug|x64
		Debug|x86 = Debug|x86
		Release|Any CPU = Release|Any CPU
		Release|x64 = Release|x64
		Release|x86 = Release|x86
	EndGlobalSection
	GlobalSection(ProjectConfigurationPlatforms) = postSolution
		{BA1127DE-43DC-40F4-BEA8-016BFA04DDAF}.Debug|Any CPU.ActiveCfg = Debug|Any CPU
		{BA1127DE-43DC-40F4-BEA8-016BFA04DDAF}.Debug|Any CPU.Build.0 = Debug|Any CPU
		{BA1127DE-43DC-40F4-BEA8-016BFA04DDAF}.Debug|x64.ActiveCfg = Debug|Any CPU
		{BA1127DE-43DC-40F4-BEA8-016BFA04DDAF}.Debug|x64.Build.0 = Debug|Any CPU
		{BA1127DE-43DC-40F4-BEA8-016BFA04DDAF}.Debug|x86.ActiveCfg = Debug|Any CPU
		{BA1127DE-43DC-40F4-BEA8-016BFA04DDAF}.Debug|x86.Build.0 = Debug|Any CPU
		{BA1127DE-43DC-40F4-BEA8-016BFA04DDAF}.Release|Any CPU.ActiveCfg = Release|Any CPU
		{BA1127DE-43DC-40F4-BEA8-016BFA04DDAF}.Release|Any CPU.Build.0 = Release|Any CPU
		{BA1127DE-43DC-40F4-BEA8-016BFA04DDAF}.Release|x64.ActiveCfg = Release|Any CPU
		{BA1127DE-43DC-40F4-BEA8-016BFA04DDAF}.Release|x64.Build.0 = Release|Any CPU
		{BA1127DE-43DC-40F4-BEA8-016BFA04DDAF}.Release|x86.ActiveCfg = Release|Any CPU
		{BA1127DE-43DC-40F4-BEA8-016BFA04DDAF}.Release|x86.Build.0 = Release|Any CPU
		{26C992DF-64AB-4FA3-A6D0-7F04400FCA69}.Debug|Any CPU.ActiveCfg = Debug|Any CPU
		{26C992DF-64AB-4FA3-A6D0-7F04400FCA69}.Debug|Any CPU.Build.0 = Debug|Any CPU
		{26C992DF-64AB-4FA3-A6D0-7F04400FCA69}.Debug|x64.ActiveCfg = Debug|Any CPU
		{26C992DF-64AB-4FA3-A6D0-7F04400FCA69}.Debug|x64.Build.0 = Debug|Any CPU
		{26C992DF-64AB-4FA3-A6D0-7F04400FCA69}.Debug|x86.ActiveCfg = Debug|Any CPU
		{26C992DF-64AB-4FA3-A6D0-7F04400FCA69}.Debug|x86.Build.0 = Debug|Any CPU
		{26C992DF-64AB-4FA3-A6D0-7F04400FCA69}.Release|Any CPU.ActiveCfg = Release|Any CPU
		{26C992DF-64AB-4FA3-A6D0-7F04400FCA69}.Release|Any CPU.Build.0 = Release|Any CPU
		{26C992DF-64AB-4FA3-A6D0-7F04400FCA69}.Release|x64.ActiveCfg = Release|Any CPU
		{26C992DF-64AB-4FA3-A6D0-7F04400FCA69}.Release|x64.Build.0 = Release|Any CPU
		{26C992DF-64AB-4FA3-A6D0-7F04400FCA69}.Release|x86.ActiveCfg = Release|Any CPU
		{26C992DF-64AB-4FA3-A6D0-7F04400FCA69}.Release|x86.Build.0 = Release|Any CPU
		{318DB06C-7712-4A9A-9EFC-968AB0F59093}.Debug|Any CPU.ActiveCfg = Debug|Any CPU
		{318DB06C-7712-4A9A-9EFC-968AB0F59093}.Debug|Any CPU.Build.0 = Debug|Any CPU
		{318DB06C-7712-4A9A-9EFC-968AB0F59093}.Debug|x64.ActiveCfg = Debug|Any CPU
		{318DB06C-7712-4A9A-9EFC-968AB0F59093}.Debug|x64.Build.0 = Debug|Any CPU
		{318DB06C-7712-4A9A-9EFC-968AB0F59093}.Debug|x86.ActiveCfg = Debug|Any CPU
		{318DB06C-7712-4A9A-9EFC-968AB0F59093}.Debug|x86.Build.0 = Debug|Any CPU
		{318DB06C-7712-4A9A-9EFC-968AB0F59093}.Release|Any CPU.ActiveCfg = Release|Any CPU
		{318DB06C-7712-4A9A-9EFC-968AB0F59093}.Release|Any CPU.Build.0 = Release|Any CPU
		{318DB06C-7712-4A9A-9EFC-968AB0F59093}.Release|x64.ActiveCfg = Release|Any CPU
		{318DB06C-7712-4A9A-9EFC-968AB0F59093}.Release|x64.Build.0 = Release|Any CPU
		{318DB06C-7712-4A9A-9EFC-968AB0F59093}.Release|x86.ActiveCfg = Release|Any CPU
		{318DB06C-7712-4A9A-9EFC-968AB0F59093}.Release|x86.Build.0 = Release|Any CPU
		{8918DE57-43DC-4001-B74D-25488148CD07}.Debug|Any CPU.ActiveCfg = Debug|Any CPU
		{8918DE57-43DC-4001-B74D-25488148CD07}.Debug|Any CPU.Build.0 = Debug|Any CPU
		{8918DE57-43DC-4001-B74D-25488148CD07}.Debug|x64.ActiveCfg = Debug|Any CPU
		{8918DE57-43DC-4001-B74D-25488148CD07}.Debug|x64.Build.0 = Debug|Any CPU
		{8918DE57-43DC-4001-B74D-25488148CD07}.Debug|x86.ActiveCfg = Debug|Any CPU
		{8918DE57-43DC-4001-B74D-25488148CD07}.Debug|x86.Build.0 = Debug|Any CPU
		{8918DE57-43DC-4001-B74D-25488148CD07}.Release|Any CPU.ActiveCfg = Release|Any CPU
		{8918DE57-43DC-4001-B74D-25488148CD07}.Release|Any CPU.Build.0 = Release|Any CPU
		{8918DE57-43DC-4001-B74D-25488148CD07}.Release|x64.ActiveCfg = Release|Any CPU
		{8918DE57-43DC-4001-B74D-25488148CD07}.Release|x64.Build.0 = Release|Any CPU
		{8918DE57-43DC-4001-B74D-25488148CD07}.Release|x86.ActiveCfg = Release|Any CPU
		{8918DE57-43DC-4001-B74D-25488148CD07}.Release|x86.Build.0 = Release|Any CPU
		{6DC0BA68-8922-4936-BD1E-696A5AF1165A}.Debug|Any CPU.ActiveCfg = Debug|Any CPU
		{6DC0BA68-8922-4936-BD1E-696A5AF1165A}.Debug|Any CPU.Build.0 = Debug|Any CPU
		{6DC0BA68-8922-4936-BD1E-696A5AF1165A}.Debug|x64.ActiveCfg = Debug|Any CPU
		{6DC0BA68-8922-4936-BD1E-696A5AF1165A}.Debug|x64.Build.0 = Debug|Any CPU
		{6DC0BA68-8922-4936-BD1E-696A5AF1165A}.Debug|x86.ActiveCfg = Debug|Any CPU
		{6DC0BA68-8922-4936-BD1E-696A5AF1165A}.Debug|x86.Build.0 = Debug|Any CPU
		{6DC0BA68-8922-4936-BD1E-696A5AF1165A}.Release|Any CPU.ActiveCfg = Release|Any CPU
		{6DC0BA68-8922-4936-BD1E-696A5AF1165A}.Release|Any CPU.Build.0 = Release|Any CPU
		{6DC0BA68-8922-4936-BD1E-696A5AF1165A}.Release|x64.ActiveCfg = Release|Any CPU
		{6DC0BA68-8922-4936-BD1E-696A5AF1165A}.Release|x64.Build.0 = Release|Any CPU
		{6DC0BA68-8922-4936-BD1E-696A5AF1165A}.Release|x86.ActiveCfg = Release|Any CPU
		{6DC0BA68-8922-4936-BD1E-696A5AF1165A}.Release|x86.Build.0 = Release|Any CPU
		{71063E1E-06D5-456D-A5CF-9CFD12EDC65D}.Debug|Any CPU.ActiveCfg = Debug|Any CPU
		{71063E1E-06D5-456D-A5CF-9CFD12EDC65D}.Debug|Any CPU.Build.0 = Debug|Any CPU
		{71063E1E-06D5-456D-A5CF-9CFD12EDC65D}.Debug|x64.ActiveCfg = Debug|Any CPU
		{71063E1E-06D5-456D-A5CF-9CFD12EDC65D}.Debug|x64.Build.0 = Debug|Any CPU
		{71063E1E-06D5-456D-A5CF-9CFD12EDC65D}.Debug|x86.ActiveCfg = Debug|Any CPU
		{71063E1E-06D5-456D-A5CF-9CFD12EDC65D}.Debug|x86.Build.0 = Debug|Any CPU
		{71063E1E-06D5-456D-A5CF-9CFD12EDC65D}.Release|Any CPU.ActiveCfg = Release|Any CPU
		{71063E1E-06D5-456D-A5CF-9CFD12EDC65D}.Release|Any CPU.Build.0 = Release|Any CPU
		{71063E1E-06D5-456D-A5CF-9CFD12EDC65D}.Release|x64.ActiveCfg = Release|Any CPU
		{71063E1E-06D5-456D-A5CF-9CFD12EDC65D}.Release|x64.Build.0 = Release|Any CPU
		{71063E1E-06D5-456D-A5CF-9CFD12EDC65D}.Release|x86.ActiveCfg = Release|Any CPU
		{71063E1E-06D5-456D-A5CF-9CFD12EDC65D}.Release|x86.Build.0 = Release|Any CPU
	EndGlobalSection
	GlobalSection(SolutionProperties) = preSolution
		HideSolutionNode = FALSE
	EndGlobalSection
	GlobalSection(NestedProjects) = preSolution
		{E81CAA0A-8D6A-E3B6-28B3-AB416E1657A7} = {827E0CD3-B72D-47B6-A68D-7590B98EB39B}
		{25B38B9B-EF46-C599-00A5-9D46434B9B03} = {E81CAA0A-8D6A-E3B6-28B3-AB416E1657A7}
		{E59C029D-1E2D-2FF8-FAB4-F49AF573DF80} = {25B38B9B-EF46-C599-00A5-9D46434B9B03}
		{BA1127DE-43DC-40F4-BEA8-016BFA04DDAF} = {E59C029D-1E2D-2FF8-FAB4-F49AF573DF80}
		{472EBABA-1FC8-1993-9088-DD5931CFB73A} = {0AB3BF05-4346-4AA6-1389-037BE0695223}
		{EB9175B4-43F8-99EB-85C7-048F84E63351} = {472EBABA-1FC8-1993-9088-DD5931CFB73A}
		{7186DE04-BC19-F40D-46C3-47F0E5A6B928} = {EB9175B4-43F8-99EB-85C7-048F84E63351}
		{26C992DF-64AB-4FA3-A6D0-7F04400FCA69} = {7186DE04-BC19-F40D-46C3-47F0E5A6B928}
		{3F8F89E5-ADB4-7BEE-E971-A84C9F8273C4} = {E81CAA0A-8D6A-E3B6-28B3-AB416E1657A7}
		{5A9EB69A-2847-F013-2C0B-C3D8490E3219} = {3F8F89E5-ADB4-7BEE-E971-A84C9F8273C4}
		{318DB06C-7712-4A9A-9EFC-968AB0F59093} = {5A9EB69A-2847-F013-2C0B-C3D8490E3219}
		{60C5896C-60AA-45B8-B67E-ACA483471931} = {3F8F89E5-ADB4-7BEE-E971-A84C9F8273C4}
		{8918DE57-43DC-4001-B74D-25488148CD07} = {60C5896C-60AA-45B8-B67E-ACA483471931}
		{33C22EBE-1618-2652-2009-70E325F31C1A} = {472EBABA-1FC8-1993-9088-DD5931CFB73A}
		{48605333-E382-CBAE-A288-D57D7D5A7C60} = {33C22EBE-1618-2652-2009-70E325F31C1A}
		{6DC0BA68-8922-4936-BD1E-696A5AF1165A} = {48605333-E382-CBAE-A288-D57D7D5A7C60}
		{A0316508-0CBA-48AF-9DB1-66507AAEC612} = {33C22EBE-1618-2652-2009-70E325F31C1A}
		{71063E1E-06D5-456D-A5CF-9CFD12EDC65D} = {A0316508-0CBA-48AF-9DB1-66507AAEC612}
	EndGlobalSection
	GlobalSection(ExtensibilityGlobals) = postSolution
		SolutionGuid = {1290A288-ACBF-4FF7-8D35-DC8D8DECAC2E}
	EndGlobalSection
EndGlobal
